
Microsoft Visual Studio Solution File, Format Version 12.00
# Visual Studio Version 17
VisualStudioVersion = 17.8.34511.84
MinimumVisualStudioVersion = 10.0.40219.1
Project("{FAE04EC0-301F-11D3-BF4B-00C04F79EFBC}") = "appliedaspdotnet", "appliedaspdotnet\appliedaspdotnet.csproj", "{67822020-554D-4D63-BA8B-5B59B2C6395C}"
EndProject
Project("{FAE04EC0-301F-11D3-BF4B-00C04F79EFBC}") = "appliedwcf", "appliedwcf\appliedwcf.csproj", "{DC28B04A-BC00-4D2F-AD77-2CFA45D38E22}"
EndProject
Global
	GlobalSection(SolutionConfigurationPlatforms) = preSolution
		Debug|Any CPU = Debug|Any CPU
		Release|Any CPU = Release|Any CPU
	EndGlobalSection
	GlobalSection(ProjectConfigurationPlatforms) = postSolution
		{67822020-554D-4D63-BA8B-5B59B2C6395C}.Debug|Any CPU.ActiveCfg = Debug|Any CPU
		{67822020-554D-4D63-BA8B-5B59B2C6395C}.Debug|Any CPU.Build.0 = Debug|Any CPU
		{67822020-554D-4D63-BA8B-5B59B2C6395C}.Release|Any CPU.ActiveCfg = Release|Any CPU
		{67822020-554D-4D63-BA8B-5B59B2C6395C}.Release|Any CPU.Build.0 = Release|Any CPU
		{DC28B04A-BC00-4D2F-AD77-2CFA45D38E22}.Debug|Any CPU.ActiveCfg = Debug|Any CPU
		{DC28B04A-BC00-4D2F-AD77-2CFA45D38E22}.Debug|Any CPU.Build.0 = Debug|Any CPU
		{DC28B04A-BC00-4D2F-AD77-2CFA45D38E22}.Release|Any CPU.ActiveCfg = Release|Any CPU
		{DC28B04A-BC00-4D2F-AD77-2CFA45D38E22}.Release|Any CPU.Build.0 = Release|Any CPU
	EndGlobalSection
	GlobalSection(SolutionProperties) = preSolution
		HideSolutionNode = FALSE
	EndGlobalSection
	GlobalSection(ExtensibilityGlobals) = postSolution
		SolutionGuid = {964E99AD-7680-4ABB-8419-6BAFBD5D4A2B}
	EndGlobalSection
EndGlobal
